
Microsoft Visual Studio Solution File, Format Version 12.00
# Visual Studio 15
VisualStudioVersion = 15.0.28307.421
MinimumVisualStudioVersion = 10.0.40219.1
Project("{FAE04EC0-301F-11D3-BF4B-00C04F79EFBC}") = "kutuphaneotomasyonu", "kutuphaneotomasyonu\kutuphaneotomasyonu.csproj", "{417D1210-1897-4003-A462-1FA96FE40C8C}"
EndProject
Global
	GlobalSection(SolutionConfigurationPlatforms) = preSolution
		Debug|Any CPU = Debug|Any CPU
		Release|Any CPU = Release|Any CPU
	EndGlobalSection
	GlobalSection(ProjectConfigurationPlatforms) = postSolution
		{417D1210-1897-4003-A462-1FA96FE40C8C}.Debug|Any CPU.ActiveCfg = Debug|Any CPU
		{417D1210-1897-4003-A462-1FA96FE40C8C}.Debug|Any CPU.Build.0 = Debug|Any CPU
		{417D1210-1897-4003-A462-1FA96FE40C8C}.Release|Any CPU.ActiveCfg = Release|Any CPU
		{417D1210-1897-4003-A462-1FA96FE40C8C}.Release|Any CPU.Build.0 = Release|Any CPU
	EndGlobalSection
	GlobalSection(SolutionProperties) = preSolution
		HideSolutionNode = FALSE
	EndGlobalSection
	GlobalSection(ExtensibilityGlobals) = postSolution
		SolutionGuid = {6C4CECA0-CBE1-43DC-B43C-D2C7E9081F64}
	EndGlobalSection
EndGlobal
